<?xml version="1.0" encoding="UTF-8" standalone="yes" ?>
<CodeBlocks_project_file>
  <Project>
    <Option title="AerolineaUCSP"/>
    <Option compiler="gcc"/>

    <Build>
      <Target title="Debug">
        <Option output="bin/Debug/AerolineaUCSP.exe" prefix_auto="0"/>
        <Option object_output="obj/Debug/"/>
        <Option type="1"/>
        <Compiler>
          <Add directory="include"/>
        </Compiler>
      </Target>

      <Target title="Release">
        <Option output="bin/Release/AerolineaUCSP.exe" prefix_auto="0"/>
        <Option object_output="obj/Release/"/>
        <Option type="0"/>
        <Compiler>
          <Add directory="include"/>
        </Compiler>
      </Target>
    </Build>
    <Unit filename="src/Cliente.cpp"/>
    <Unit filename="src/Dia.cpp"/>
    <Unit filename="src/DNI.cpp"/>
    <Unit filename="src/Documentos.cpp"/>
    <Unit filename="src/Horario.cpp"/>
    <Unit filename="src/main.cpp"/>
    <Unit filename="src/Menu.cpp"/>
    <Unit filename="src/Pais.cpp"/>
    <Unit filename="src/Persona.cpp"/>
    <Unit filename="src/Visa.cpp"/>
    <Unit filename="src/Vuelo.cpp"/>
    <Unit filename="include/Cliente.h"/>
    <Unit filename="include/Dia.h"/>
    <Unit filename="include/DNI.h"/>
    <Unit filename="include/Documentos.h"/>
    <Unit filename="include/Horario.h"/>
    <Unit filename="include/Menu.h"/>
    <Unit filename="include/Pais.h"/>
    <Unit filename="include/Persona.h"/>
    <Unit filename="include/Visa.h"/>
    <Unit filename="include/Vuelo.h"/>
  </Project>
</CodeBlocks_project_file>
